PODS:
  - GoogleMaps (9.2.0):
    - GoogleMaps/Maps (= 9.2.0)
  - GoogleMaps/Maps (9.2.0)
  - shared (1.0):
    - GoogleMaps

DEPENDENCIES:
  - shared (from `../shared`)

SPEC REPOS:
  trunk:
    - GoogleMaps

EXTERNAL SOURCES:
  shared:
    :path: "../shared"

SPEC CHECKSUMS:
  GoogleMaps: 634ec3ca99698b31ca2253d64f017217d70cfb38
  shared: 41be1e843f5ab31a9e797b93295fd2c13802f2e6

PODFILE CHECKSUM: 78d6cc1b71b232202c48a29d4e6c34972c534c73

COCOAPODS: 1.16.2
